// !$*UTF8*$!
{
	archiveVersion = 1;
	classes = {
	};
	objectVersion = 50;
	objects = {

/* Begin PBXBuildFile section */
		6A47D2532345F62C00277F99 /* NetworkManager.swift in Sources */ = {isa = PBXBuildFile; fileRef = 6A47D2522345F62C00277F99 /* NetworkManager.swift */; };
		6A47D293234817B700277F99 /* APIResponses.swift in Sources */ = {isa = PBXBuildFile; fileRef = 6A47D292234817B700277F99 /* APIResponses.swift */; };
		6A635401234C07010042F2D0 /* PeopleViewController.swift in Sources */ = {isa = PBXBuildFile; fileRef = 6A6353FF234C07010042F2D0 /* PeopleViewController.swift */; };
		6A635402234C07010042F2D0 /* PeopleViewController.xib in Resources */ = {isa = PBXBuildFile; fileRef = 6A635400234C07010042F2D0 /* PeopleViewController.xib */; };
		6A635409234C0B500042F2D0 /* PeopleCell.swift in Sources */ = {isa = PBXBuildFile; fileRef = 6A635407234C0B500042F2D0 /* PeopleCell.swift */; };
		6A63540A234C0B500042F2D0 /* PeopleCell.xib in Resources */ = {isa = PBXBuildFile; fileRef = 6A635408234C0B500042F2D0 /* PeopleCell.xib */; };
		6A8AAFFA2343648C005A5C02 /* AppDelegate.swift in Sources */ = {isa = PBXBuildFile; fileRef = 6A8AAFF92343648C005A5C02 /* AppDelegate.swift */; };
		6A8AAFFC2343648C005A5C02 /* HomeViewController.swift in Sources */ = {isa = PBXBuildFile; fileRef = 6A8AAFFB2343648C005A5C02 /* HomeViewController.swift */; };
		6A8AAFFF2343648C005A5C02 /* Home.storyboard in Resources */ = {isa = PBXBuildFile; fileRef = 6A8AAFFD2343648C005A5C02 /* Home.storyboard */; };
		6A8AB0012343648E005A5C02 /* Assets.xcassets in Resources */ = {isa = PBXBuildFile; fileRef = 6A8AB0002343648E005A5C02 /* Assets.xcassets */; };
		6A8AB0042343648E005A5C02 /* LaunchScreen.storyboard in Resources */ = {isa = PBXBuildFile; fileRef = 6A8AB0022343648E005A5C02 /* LaunchScreen.storyboard */; };
		6A8AB00F2343648E005A5C02 /* StarWarsTests.swift in Sources */ = {isa = PBXBuildFile; fileRef = 6A8AB00E2343648E005A5C02 /* StarWarsTests.swift */; };
		6A8AB01C234410B1005A5C02 /* HomeCell.swift in Sources */ = {isa = PBXBuildFile; fileRef = 6A8AB01A234410B1005A5C02 /* HomeCell.swift */; };
		6A8AB01D234410B1005A5C02 /* HomeCell.xib in Resources */ = {isa = PBXBuildFile; fileRef = 6A8AB01B234410B1005A5C02 /* HomeCell.xib */; };
		6A8AB02023442935005A5C02 /* Category.swift in Sources */ = {isa = PBXBuildFile; fileRef = 6A8AB01F23442935005A5C02 /* Category.swift */; };
		6A8AB0242344A9B7005A5C02 /* FilmsViewController.swift in Sources */ = {isa = PBXBuildFile; fileRef = 6A8AB0222344A9B7005A5C02 /* FilmsViewController.swift */; };
		6A8AB0252344A9B7005A5C02 /* FilmsViewController.xib in Resources */ = {isa = PBXBuildFile; fileRef = 6A8AB0232344A9B7005A5C02 /* FilmsViewController.xib */; };
		6A8AB02E2344BA84005A5C02 /* FilmCell.swift in Sources */ = {isa = PBXBuildFile; fileRef = 6A8AB02C2344BA84005A5C02 /* FilmCell.swift */; };
		6A8AB02F2344BA84005A5C02 /* FilmCell.xib in Resources */ = {isa = PBXBuildFile; fileRef = 6A8AB02D2344BA84005A5C02 /* FilmCell.xib */; };
/* End PBXBuildFile section */

/* Begin PBXContainerItemProxy section */
		6A8AB00B2343648E005A5C02 /* PBXContainerItemProxy */ = {
			isa = PBXContainerItemProxy;
			containerPortal = 6A8AAFEE2343648C005A5C02 /* Project object */;
			proxyType = 1;
			remoteGlobalIDString = 6A8AAFF52343648C005A5C02;
			remoteInfo = StarWars;
		};
/* End PBXContainerItemProxy section */

/* Begin PBXFileReference section */
		6A47D2522345F62C00277F99 /* NetworkManager.swift */ = {isa = PBXFileReference; lastKnownFileType = sourcecode.swift; path = NetworkManager.swift; sourceTree = "<group>"; };
		6A47D292234817B700277F99 /* APIResponses.swift */ = {isa = PBXFileReference; lastKnownFileType = sourcecode.swift; path = APIResponses.swift; sourceTree = "<group>"; };
		6A6353FF234C07010042F2D0 /* PeopleViewController.swift */ = {isa = PBXFileReference; lastKnownFileType = sourcecode.swift; path = PeopleViewController.swift; sourceTree = "<group>"; };
		6A635400234C07010042F2D0 /* PeopleViewController.xib */ = {isa = PBXFileReference; lastKnownFileType = file.xib; path = PeopleViewController.xib; sourceTree = "<group>"; };
		6A635407234C0B500042F2D0 /* PeopleCell.swift */ = {isa = PBXFileReference; lastKnownFileType = sourcecode.swift; path = PeopleCell.swift; sourceTree = "<group>"; };
		6A635408234C0B500042F2D0 /* PeopleCell.xib */ = {isa = PBXFileReference; lastKnownFileType = file.xib; path = PeopleCell.xib; sourceTree = "<group>"; };
		6A8AAFF62343648C005A5C02 /* StarWars.app */ = {isa = PBXFileReference; explicitFileType = wrapper.application; includeInIndex = 0; path = StarWars.app; sourceTree = BUILT_PRODUCTS_DIR; };
		6A8AAFF92343648C005A5C02 /* AppDelegate.swift */ = {isa = PBXFileReference; lastKnownFileType = sourcecode.swift; path = AppDelegate.swift; sourceTree = "<group>"; };
		6A8AAFFB2343648C005A5C02 /* HomeViewController.swift */ = {isa = PBXFileReference; lastKnownFileType = sourcecode.swift; path = HomeViewController.swift; sourceTree = "<group>"; };
		6A8AAFFE2343648C005A5C02 /* Base */ = {isa = PBXFileReference; lastKnownFileType = file.storyboard; name = Base; path = Base.lproj/Home.storyboard; sourceTree = "<group>"; };
		6A8AB0002343648E005A5C02 /* Assets.xcassets */ = {isa = PBXFileReference; lastKnownFileType = folder.assetcatalog; path = Assets.xcassets; sourceTree = "<group>"; };
		6A8AB0032343648E005A5C02 /* Base */ = {isa = PBXFileReference; lastKnownFileType = file.storyboard; name = Base; path = Base.lproj/LaunchScreen.storyboard; sourceTree = "<group>"; };
		6A8AB0052343648E005A5C02 /* Info.plist */ = {isa = PBXFileReference; lastKnownFileType = text.plist.xml; path = Info.plist; sourceTree = "<group>"; };
		6A8AB00A2343648E005A5C02 /* StarWarsTests.xctest */ = {isa = PBXFileReference; explicitFileType = wrapper.cfbundle; includeInIndex = 0; path = StarWarsTests.xctest; sourceTree = BUILT_PRODUCTS_DIR; };
		6A8AB00E2343648E005A5C02 /* StarWarsTests.swift */ = {isa = PBXFileReference; lastKnownFileType = sourcecode.swift; path = StarWarsTests.swift; sourceTree = "<group>"; };
		6A8AB0102343648E005A5C02 /* Info.plist */ = {isa = PBXFileReference; lastKnownFileType = text.plist.xml; path = Info.plist; sourceTree = "<group>"; };
		6A8AB01A234410B1005A5C02 /* HomeCell.swift */ = {isa = PBXFileReference; lastKnownFileType = sourcecode.swift; path = HomeCell.swift; sourceTree = "<group>"; };
		6A8AB01B234410B1005A5C02 /* HomeCell.xib */ = {isa = PBXFileReference; lastKnownFileType = file.xib; path = HomeCell.xib; sourceTree = "<group>"; };
		6A8AB01F23442935005A5C02 /* Category.swift */ = {isa = PBXFileReference; lastKnownFileType = sourcecode.swift; path = Category.swift; sourceTree = "<group>"; };
		6A8AB0222344A9B7005A5C02 /* FilmsViewController.swift */ = {isa = PBXFileReference; lastKnownFileType = sourcecode.swift; path = FilmsViewController.swift; sourceTree = "<group>"; };
		6A8AB0232344A9B7005A5C02 /* FilmsViewController.xib */ = {isa = PBXFileReference; lastKnownFileType = file.xib; path = FilmsViewController.xib; sourceTree = "<group>"; };
		6A8AB02C2344BA84005A5C02 /* FilmCell.swift */ = {isa = PBXFileReference; lastKnownFileType = sourcecode.swift; path = FilmCell.swift; sourceTree = "<group>"; };
		6A8AB02D2344BA84005A5C02 /* FilmCell.xib */ = {isa = PBXFileReference; lastKnownFileType = file.xib; path = FilmCell.xib; sourceTree = "<group>"; };
/* End PBXFileReference section */

/* Begin PBXFrameworksBuildPhase section */
		6A8AAFF32343648C005A5C02 /* Frameworks */ = {
			isa = PBXFrameworksBuildPhase;
			buildActionMask = 2147483647;
			files = (
			);
			runOnlyForDeploymentPostprocessing = 0;
		};
		6A8AB0072343648E005A5C02 /* Frameworks */ = {
			isa = PBXFrameworksBuildPhase;
			buildActionMask = 2147483647;
			files = (
			);
			runOnlyForDeploymentPostprocessing = 0;
		};
/* End PBXFrameworksBuildPhase section */

/* Begin PBXGroup section */
		6A47D2512345F62300277F99 /* Managers */ = {
			isa = PBXGroup;
			children = (
				6A47D2522345F62C00277F99 /* NetworkManager.swift */,
			);
			path = Managers;
			sourceTree = "<group>";
		};
		6A6353FE234C06EA0042F2D0 /* People */ = {
			isa = PBXGroup;
			children = (
				6A6353FF234C07010042F2D0 /* PeopleViewController.swift */,
				6A635400234C07010042F2D0 /* PeopleViewController.xib */,
				6A635407234C0B500042F2D0 /* PeopleCell.swift */,
				6A635408234C0B500042F2D0 /* PeopleCell.xib */,
			);
			path = People;
			sourceTree = "<group>";
		};
		6A8AAFED2343648C005A5C02 = {
			isa = PBXGroup;
			children = (
				6A8AAFF82343648C005A5C02 /* StarWars */,
				6A8AB00D2343648E005A5C02 /* StarWarsTests */,
				6A8AAFF72343648C005A5C02 /* Products */,
			);
			sourceTree = "<group>";
		};
		6A8AAFF72343648C005A5C02 /* Products */ = {
			isa = PBXGroup;
			children = (
				6A8AAFF62343648C005A5C02 /* StarWars.app */,
				6A8AB00A2343648E005A5C02 /* StarWarsTests.xctest */,
			);
			name = Products;
			sourceTree = "<group>";
		};
		6A8AAFF82343648C005A5C02 /* StarWars */ = {
			isa = PBXGroup;
			children = (
				6A8AB01923436C96005A5C02 /* Home */,
				6A8AB0212344A9A4005A5C02 /* Films */,
				6A6353FE234C06EA0042F2D0 /* People */,
				6A47D2512345F62300277F99 /* Managers */,
				6A8AB01E2344292A005A5C02 /* Models */,
				6A8AAFF92343648C005A5C02 /* AppDelegate.swift */,
				6A8AB0002343648E005A5C02 /* Assets.xcassets */,
				6A8AB0022343648E005A5C02 /* LaunchScreen.storyboard */,
				6A8AB0052343648E005A5C02 /* Info.plist */,
			);
			path = StarWars;
			sourceTree = "<group>";
		};
		6A8AB00D2343648E005A5C02 /* StarWarsTests */ = {
			isa = PBXGroup;
			children = (
				6A8AB00E2343648E005A5C02 /* StarWarsTests.swift */,
				6A8AB0102343648E005A5C02 /* Info.plist */,
			);
			path = StarWarsTests;
			sourceTree = "<group>";
		};
		6A8AB01923436C96005A5C02 /* Home */ = {
			isa = PBXGroup;
			children = (
				6A8AAFFB2343648C005A5C02 /* HomeViewController.swift */,
				6A8AAFFD2343648C005A5C02 /* Home.storyboard */,
				6A8AB01A234410B1005A5C02 /* HomeCell.swift */,
				6A8AB01B234410B1005A5C02 /* HomeCell.xib */,
			);
			path = Home;
			sourceTree = "<group>";
		};
		6A8AB01E2344292A005A5C02 /* Models */ = {
			isa = PBXGroup;
			children = (
				6A8AB01F23442935005A5C02 /* Category.swift */,
				6A47D292234817B700277F99 /* APIResponses.swift */,
			);
			path = Models;
			sourceTree = "<group>";
		};
		6A8AB0212344A9A4005A5C02 /* Films */ = {
			isa = PBXGroup;
			children = (
				6A8AB0222344A9B7005A5C02 /* FilmsViewController.swift */,
				6A8AB0232344A9B7005A5C02 /* FilmsViewController.xib */,
				6A8AB02C2344BA84005A5C02 /* FilmCell.swift */,
				6A8AB02D2344BA84005A5C02 /* FilmCell.xib */,
			);
			path = Films;
			sourceTree = "<group>";
		};
/* End PBXGroup section */

/* Begin PBXNativeTarget section */
		6A8AAFF52343648C005A5C02 /* StarWars */ = {
			isa = PBXNativeTarget;
			buildConfigurationList = 6A8AB0132343648E005A5C02 /* Build configuration list for PBXNativeTarget "StarWars" */;
			buildPhases = (
				6A8AAFF22343648C005A5C02 /* Sources */,
				6A8AAFF32343648C005A5C02 /* Frameworks */,
				6A8AAFF42343648C005A5C02 /* Resources */,
			);
			buildRules = (
			);
			dependencies = (
			);
			name = StarWars;
			productName = StarWars;
			productReference = 6A8AAFF62343648C005A5C02 /* StarWars.app */;
			productType = "com.apple.product-type.application";
		};
		6A8AB0092343648E005A5C02 /* StarWarsTests */ = {
			isa = PBXNativeTarget;
			buildConfigurationList = 6A8AB0162343648E005A5C02 /* Build configuration list for PBXNativeTarget "StarWarsTests" */;
			buildPhases = (
				6A8AB0062343648E005A5C02 /* Sources */,
				6A8AB0072343648E005A5C02 /* Frameworks */,
				6A8AB0082343648E005A5C02 /* Resources */,
			);
			buildRules = (
			);
			dependencies = (
				6A8AB00C2343648E005A5C02 /* PBXTargetDependency */,
			);
			name = StarWarsTests;
			productName = StarWarsTests;
			productReference = 6A8AB00A2343648E005A5C02 /* StarWarsTests.xctest */;
			productType = "com.apple.product-type.bundle.unit-test";
		};
/* End PBXNativeTarget section */

/* Begin PBXProject section */
		6A8AAFEE2343648C005A5C02 /* Project object */ = {
			isa = PBXProject;
			attributes = {
				LastSwiftUpdateCheck = 1030;
				LastUpgradeCheck = 1030;
				ORGANIZATIONNAME = CoderLyn;
				TargetAttributes = {
					6A8AAFF52343648C005A5C02 = {
						CreatedOnToolsVersion = 10.3;
					};
					6A8AB0092343648E005A5C02 = {
						CreatedOnToolsVersion = 10.3;
						TestTargetID = 6A8AAFF52343648C005A5C02;
					};
				};
			};
			buildConfigurationList = 6A8AAFF12343648C005A5C02 /* Build configuration list for PBXProject "StarWars" */;
			compatibilityVersion = "Xcode 9.3";
			developmentRegion = en;
			hasScannedForEncodings = 0;
			knownRegions = (
				en,
				Base,
			);
			mainGroup = 6A8AAFED2343648C005A5C02;
			productRefGroup = 6A8AAFF72343648C005A5C02 /* Products */;
			projectDirPath = "";
			projectRoot = "";
			targets = (
				6A8AAFF52343648C005A5C02 /* StarWars */,
				6A8AB0092343648E005A5C02 /* StarWarsTests */,
			);
		};
/* End PBXProject section */

/* Begin PBXResourcesBuildPhase section */
		6A8AAFF42343648C005A5C02 /* Resources */ = {
			isa = PBXResourcesBuildPhase;
			buildActionMask = 2147483647;
			files = (
				6A8AB0252344A9B7005A5C02 /* FilmsViewController.xib in Resources */,
				6A8AB02F2344BA84005A5C02 /* FilmCell.xib in Resources */,
				6A8AB0042343648E005A5C02 /* LaunchScreen.storyboard in Resources */,
				6A635402234C07010042F2D0 /* PeopleViewController.xib in Resources */,
				6A63540A234C0B500042F2D0 /* PeopleCell.xib in Resources */,
				6A8AB0012343648E005A5C02 /* Assets.xcassets in Resources */,
				6A8AB01D234410B1005A5C02 /* HomeCell.xib in Resources */,
				6A8AAFFF2343648C005A5C02 /* Home.storyboard in Resources */,
			);
			runOnlyForDeploymentPostprocessing = 0;
		};
		6A8AB0082343648E005A5C02 /* Resources */ = {
			isa = PBXResourcesBuildPhase;
			buildActionMask = 2147483647;
			files = (
			);
			runOnlyForDeploymentPostprocessing = 0;
		};
/* End PBXResourcesBuildPhase section */

/* Begin PBXSourcesBuildPhase section */
		6A8AAFF22343648C005A5C02 /* Sources */ = {
			isa = PBXSourcesBuildPhase;
			buildActionMask = 2147483647;
			files = (
				6A47D2532345F62C00277F99 /* NetworkManager.swift in Sources */,
				6A47D293234817B700277F99 /* APIResponses.swift in Sources */,
				6A635409234C0B500042F2D0 /* PeopleCell.swift in Sources */,
				6A8AB02E2344BA84005A5C02 /* FilmCell.swift in Sources */,
				6A8AAFFC2343648C005A5C02 /* HomeViewController.swift in Sources */,
				6A8AB01C234410B1005A5C02 /* HomeCell.swift in Sources */,
				6A635401234C07010042F2D0 /* PeopleViewController.swift in Sources */,
				6A8AB0242344A9B7005A5C02 /* FilmsViewController.swift in Sources */,
				6A8AAFFA2343648C005A5C02 /* AppDelegate.swift in Sources */,
				6A8AB02023442935005A5C02 /* Category.swift in Sources */,
			);
			runOnlyForDeploymentPostprocessing = 0;
		};
		6A8AB0062343648E005A5C02 /* Sources */ = {
			isa = PBXSourcesBuildPhase;
			buildActionMask = 2147483647;
			files = (
				6A8AB00F2343648E005A5C02 /* StarWarsTests.swift in Sources */,
			);
			runOnlyForDeploymentPostprocessing = 0;
		};
/* End PBXSourcesBuildPhase section */

/* Begin PBXTargetDependency section */
		6A8AB00C2343648E005A5C02 /* PBXTargetDependency */ = {
			isa = PBXTargetDependency;
			target = 6A8AAFF52343648C005A5C02 /* StarWars */;
			targetProxy = 6A8AB00B2343648E005A5C02 /* PBXContainerItemProxy */;
		};
/* End PBXTargetDependency section */

/* Begin PBXVariantGroup section */
		6A8AAFFD2343648C005A5C02 /* Home.storyboard */ = {
			isa = PBXVariantGroup;
			children = (
				6A8AAFFE2343648C005A5C02 /* Base */,
			);
			name = Home.storyboard;
			sourceTree = "<group>";
		};
		6A8AB0022343648E005A5C02 /* LaunchScreen.storyboard */ = {
			isa = PBXVariantGroup;
			children = (
				6A8AB0032343648E005A5C02 /* Base */,
			);
			name = LaunchScreen.storyboard;
			sourceTree = "<group>";
		};
/* End PBXVariantGroup section */

/* Begin XCBuildConfiguration section */
		6A8AB0112343648E005A5C02 /* Debug */ = {
			isa = XCBuildConfiguration;
			buildSettings = {
				ALWAYS_SEARCH_USER_PATHS = NO;
				CLANG_ANALYZER_NONNULL = YES;
				CLANG_ANALYZER_NUMBER_OBJECT_CONVERSION = YES_AGGRESSIVE;
				CLANG_CXX_LANGUAGE_STANDARD = "gnu++14";
				CLANG_CXX_LIBRARY = "libc++";
				CLANG_ENABLE_MODULES = YES;
				CLANG_ENABLE_OBJC_ARC = YES;
				CLANG_ENABLE_OBJC_WEAK = YES;
				CLANG_WARN_BLOCK_CAPTURE_AUTORELEASING = YES;
				CLANG_WARN_BOOL_CONVERSION = YES;
				CLANG_WARN_COMMA = YES;
				CLANG_WARN_CONSTANT_CONVERSION = YES;
				CLANG_WARN_DEPRECATED_OBJC_IMPLEMENTATIONS = YES;
				CLANG_WARN_DIRECT_OBJC_ISA_USAGE = YES_ERROR;
				CLANG_WARN_DOCUMENTATION_COMMENTS = YES;
				CLANG_WARN_EMPTY_BODY = YES;
				CLANG_WARN_ENUM_CONVERSION = YES;
				CLANG_WARN_INFINITE_RECURSION = YES;
				CLANG_WARN_INT_CONVERSION = YES;
				CLANG_WARN_NON_LITERAL_NULL_CONVERSION = YES;
				CLANG_WARN_OBJC_IMPLICIT_RETAIN_SELF = YES;
				CLANG_WARN_OBJC_LITERAL_CONVERSION = YES;
				CLANG_WARN_OBJC_ROOT_CLASS = YES_ERROR;
				CLANG_WARN_RANGE_LOOP_ANALYSIS = YES;
				CLANG_WARN_STRICT_PROTOTYPES = YES;
				CLANG_WARN_SUSPICIOUS_MOVE = YES;
				CLANG_WARN_UNGUARDED_AVAILABILITY = YES_AGGRESSIVE;
				CLANG_WARN_UNREACHABLE_CODE = YES;
				CLANG_WARN__DUPLICATE_METHOD_MATCH = YES;
				CODE_SIGN_IDENTITY = "iPhone Developer";
				COPY_PHASE_STRIP = NO;
				DEBUG_INFORMATION_FORMAT = dwarf;
				ENABLE_STRICT_OBJC_MSGSEND = YES;
				ENABLE_TESTABILITY = YES;
				GCC_C_LANGUAGE_STANDARD = gnu11;
				GCC_DYNAMIC_NO_PIC = NO;
				GCC_NO_COMMON_BLOCKS = YES;
				GCC_OPTIMIZATION_LEVEL = 0;
				GCC_PREPROCESSOR_DEFINITIONS = (
					"DEBUG=1",
					"$(inherited)",
				);
				GCC_WARN_64_TO_32_BIT_CONVERSION = YES;
				GCC_WARN_ABOUT_RETURN_TYPE = YES_ERROR;
				GCC_WARN_UNDECLARED_SELECTOR = YES;
				GCC_WARN_UNINITIALIZED_AUTOS = YES_AGGRESSIVE;
				GCC_WARN_UNUSED_FUNCTION = YES;
				GCC_WARN_UNUSED_VARIABLE = YES;
				IPHONEOS_DEPLOYMENT_TARGET = 12.4;
				MTL_ENABLE_DEBUG_INFO = INCLUDE_SOURCE;
				MTL_FAST_MATH = YES;
				ONLY_ACTIVE_ARCH = YES;
				SDKROOT = iphoneos;
				SWIFT_ACTIVE_COMPILATION_CONDITIONS = DEBUG;
				SWIFT_OPTIMIZATION_LEVEL = "-Onone";
			};
			name = Debug;
		};
		6A8AB0122343648E005A5C02 /* Release */ = {
			isa = XCBuildConfiguration;
			buildSettings = {
				ALWAYS_SEARCH_USER_PATHS = NO;
				CLANG_ANALYZER_NONNULL = YES;
				CLANG_ANALYZER_NUMBER_OBJECT_CONVERSION = YES_AGGRESSIVE;
				CLANG_CXX_LANGUAGE_STANDARD = "gnu++14";
				CLANG_CXX_LIBRARY = "libc++";
				CLANG_ENABLE_MODULES = YES;
				CLANG_ENABLE_OBJC_ARC = YES;
				CLANG_ENABLE_OBJC_WEAK = YES;
				CLANG_WARN_BLOCK_CAPTURE_AUTORELEASING = YES;
				CLANG_WARN_BOOL_CONVERSION = YES;
				CLANG_WARN_COMMA = YES;
				CLANG_WARN_CONSTANT_CONVERSION = YES;
				CLANG_WARN_DEPRECATED_OBJC_IMPLEMENTATIONS = YES;
				CLANG_WARN_DIRECT_OBJC_ISA_USAGE = YES_ERROR;
				CLANG_WARN_DOCUMENTATION_COMMENTS = YES;
				CLANG_WARN_EMPTY_BODY = YES;
				CLANG_WARN_ENUM_CONVERSION = YES;
				CLANG_WARN_INFINITE_RECURSION = YES;
				CLANG_WARN_INT_CONVERSION = YES;
				CLANG_WARN_NON_LITERAL_NULL_CONVERSION = YES;
				CLANG_WARN_OBJC_IMPLICIT_RETAIN_SELF = YES;
				CLANG_WARN_OBJC_LITERAL_CONVERSION = YES;
				CLANG_WARN_OBJC_ROOT_CLASS = YES_ERROR;
				CLANG_WARN_RANGE_LOOP_ANALYSIS = YES;
				CLANG_WARN_STRICT_PROTOTYPES = YES;
				CLANG_WARN_SUSPICIOUS_MOVE = YES;
				CLANG_WARN_UNGUARDED_AVAILABILITY = YES_AGGRESSIVE;
				CLANG_WARN_UNREACHABLE_CODE = YES;
				CLANG_WARN__DUPLICATE_METHOD_MATCH = YES;
				CODE_SIGN_IDENTITY = "iPhone Developer";
				COPY_PHASE_STRIP = NO;
				DEBUG_INFORMATION_FORMAT = "dwarf-with-dsym";
				ENABLE_NS_ASSERTIONS = NO;
				ENABLE_STRICT_OBJC_MSGSEND = YES;
				GCC_C_LANGUAGE_STANDARD = gnu11;
				GCC_NO_COMMON_BLOCKS = YES;
				GCC_WARN_64_TO_32_BIT_CONVERSION = YES;
				GCC_WARN_ABOUT_RETURN_TYPE = YES_ERROR;
				GCC_WARN_UNDECLARED_SELECTOR = YES;
				GCC_WARN_UNINITIALIZED_AUTOS = YES_AGGRESSIVE;
				GCC_WARN_UNUSED_FUNCTION = YES;
				GCC_WARN_UNUSED_VARIABLE = YES;
				IPHONEOS_DEPLOYMENT_TARGET = 12.4;
				MTL_ENABLE_DEBUG_INFO = NO;
				MTL_FAST_MATH = YES;
				SDKROOT = iphoneos;
				SWIFT_COMPILATION_MODE = wholemodule;
				SWIFT_OPTIMIZATION_LEVEL = "-O";
				VALIDATE_PRODUCT = YES;
			};
			name = Release;
		};
		6A8AB0142343648E005A5C02 /* Debug */ = {
			isa = XCBuildConfiguration;
			buildSettings = {
				ASSETCATALOG_COMPILER_APPICON_NAME = AppIcon;
				CODE_SIGN_STYLE = Automatic;
				INFOPLIST_FILE = StarWars/Info.plist;
				LD_RUNPATH_SEARCH_PATHS = (
					"$(inherited)",
					"@executable_path/Frameworks",
				);
				PRODUCT_BUNDLE_IDENTIFIER = com.coderlyn.StarWars;
				PRODUCT_NAME = "$(TARGET_NAME)";
				SWIFT_VERSION = 5.0;
				TARGETED_DEVICE_FAMILY = "1,2";
			};
			name = Debug;
		};
		6A8AB0152343648E005A5C02 /* Release */ = {
			isa = XCBuildConfiguration;
			buildSettings = {
				ASSETCATALOG_COMPILER_APPICON_NAME = AppIcon;
				CODE_SIGN_STYLE = Automatic;
				INFOPLIST_FILE = StarWars/Info.plist;
				LD_RUNPATH_SEARCH_PATHS = (
					"$(inherited)",
					"@executable_path/Frameworks",
				);
				PRODUCT_BUNDLE_IDENTIFIER = com.coderlyn.StarWars;
				PRODUCT_NAME = "$(TARGET_NAME)";
				SWIFT_VERSION = 5.0;
				TARGETED_DEVICE_FAMILY = "1,2";
			};
			name = Release;
		};
		6A8AB0172343648E005A5C02 /* Debug */ = {
			isa = XCBuildConfiguration;
			buildSettings = {
				ALWAYS_EMBED_SWIFT_STANDARD_LIBRARIES = YES;
				BUNDLE_LOADER = "$(TEST_HOST)";
				CODE_SIGN_STYLE = Automatic;
				INFOPLIST_FILE = StarWarsTests/Info.plist;
				LD_RUNPATH_SEARCH_PATHS = (
					"$(inherited)",
					"@executable_path/Frameworks",
					"@loader_path/Frameworks",
				);
				PRODUCT_BUNDLE_IDENTIFIER = com.coderlyn.StarWarsTests;
				PRODUCT_NAME = "$(TARGET_NAME)";
				SWIFT_VERSION = 5.0;
				TARGETED_DEVICE_FAMILY = "1,2";
				TEST_HOST = "$(BUILT_PRODUCTS_DIR)/StarWars.app/StarWars";
			};
			name = Debug;
		};
		6A8AB0182343648E005A5C02 /* Release */ = {
			isa = XCBuildConfiguration;
			buildSettings = {
				ALWAYS_EMBED_SWIFT_STANDARD_LIBRARIES = YES;
				BUNDLE_LOADER = "$(TEST_HOST)";
				CODE_SIGN_STYLE = Automatic;
				INFOPLIST_FILE = StarWarsTests/Info.plist;
				LD_RUNPATH_SEARCH_PATHS = (
					"$(inherited)",
					"@executable_path/Frameworks",
					"@loader_path/Frameworks",
				);
				PRODUCT_BUNDLE_IDENTIFIER = com.coderlyn.StarWarsTests;
				PRODUCT_NAME = "$(TARGET_NAME)";
				SWIFT_VERSION = 5.0;
				TARGETED_DEVICE_FAMILY = "1,2";
				TEST_HOST = "$(BUILT_PRODUCTS_DIR)/StarWars.app/StarWars";
			};
			name = Release;
		};
/* End XCBuildConfiguration section */

/* Begin XCConfigurationList section */
		6A8AAFF12343648C005A5C02 /* Build configuration list for PBXProject "StarWars" */ = {
			isa = XCConfigurationList;
			buildConfigurations = (
				6A8AB0112343648E005A5C02 /* Debug */,
				6A8AB0122343648E005A5C02 /* Release */,
			);
			defaultConfigurationIsVisible = 0;
			defaultConfigurationName = Release;
		};
		6A8AB0132343648E005A5C02 /* Build configuration list for PBXNativeTarget "StarWars" */ = {
			isa = XCConfigurationList;
			buildConfigurations = (
				6A8AB0142343648E005A5C02 /* Debug */,
				6A8AB0152343648E005A5C02 /* Release */,
			);
			defaultConfigurationIsVisible = 0;
			defaultConfigurationName = Release;
		};
		6A8AB0162343648E005A5C02 /* Build configuration list for PBXNativeTarget "StarWarsTests" */ = {
			isa = XCConfigurationList;
			buildConfigurations = (
				6A8AB0172343648E005A5C02 /* Debug */,
				6A8AB0182343648E005A5C02 /* Release */,
			);
			defaultConfigurationIsVisible = 0;
			defaultConfigurationName = Release;
		};
/* End XCConfigurationList section */
	};
	rootObject = 6A8AAFEE2343648C005A5C02 /* Project object */;
}
